
Microsoft Visual Studio Solution File, Format Version 12.00
# Visual Studio Version 17
VisualStudioVersion = 17.9.34714.143
MinimumVisualStudioVersion = 10.0.40219.1
Project("{FAE04EC0-301F-11D3-BF4B-00C04F79EFBC}") = "EAC2_Exercici1", "EAC2_Exercici1.csproj", "{1DBEC8F5-1A8A-4339-BA43-3E9584469C23}"
EndProject
Global
	GlobalSection(SolutionConfigurationPlatforms) = preSolution
		Debug|Any CPU = Debug|Any CPU
		Release|Any CPU = Release|Any CPU
	EndGlobalSection
	GlobalSection(ProjectConfigurationPlatforms) = postSolution
		{1DBEC8F5-1A8A-4339-BA43-3E9584469C23}.Debug|Any CPU.ActiveCfg = Debug|Any CPU
		{1DBEC8F5-1A8A-4339-BA43-3E9584469C23}.Debug|Any CPU.Build.0 = Debug|Any CPU
		{1DBEC8F5-1A8A-4339-BA43-3E9584469C23}.Release|Any CPU.ActiveCfg = Release|Any CPU
		{1DBEC8F5-1A8A-4339-BA43-3E9584469C23}.Release|Any CPU.Build.0 = Release|Any CPU
	EndGlobalSection
	GlobalSection(SolutionProperties) = preSolution
		HideSolutionNode = FALSE
	EndGlobalSection
	GlobalSection(ExtensibilityGlobals) = postSolution
		SolutionGuid = {CF61EC11-563D-4F75-97C4-194EF829ED15}
	EndGlobalSection
EndGlobal
